
Microsoft Visual Studio Solution File, Format Version 12.00
# Visual Studio Express 15 for Windows Desktop
VisualStudioVersion = 15.0.28307.779
MinimumVisualStudioVersion = 10.0.40219.1
Project("{FAE04EC0-301F-11D3-BF4B-00C04F79EFBC}") = "FizzBuzz", "FizzBuzz\FizzBuzz.csproj", "{06C4BE01-19D2-4257-BCF9-1F4A1499B9EA}"
EndProject
Global
	GlobalSection(SolutionConfigurationPlatforms) = preSolution
		Debug|Any CPU = Debug|Any CPU
		Release|Any CPU = Release|Any CPU
	EndGlobalSection
	GlobalSection(ProjectConfigurationPlatforms) = postSolution
		{06C4BE01-19D2-4257-BCF9-1F4A1499B9EA}.Debug|Any CPU.ActiveCfg = Debug|Any CPU
		{06C4BE01-19D2-4257-BCF9-1F4A1499B9EA}.Debug|Any CPU.Build.0 = Debug|Any CPU
		{06C4BE01-19D2-4257-BCF9-1F4A1499B9EA}.Release|Any CPU.ActiveCfg = Release|Any CPU
		{06C4BE01-19D2-4257-BCF9-1F4A1499B9EA}.Release|Any CPU.Build.0 = Release|Any CPU
	EndGlobalSection
	GlobalSection(SolutionProperties) = preSolution
		HideSolutionNode = FALSE
	EndGlobalSection
	GlobalSection(ExtensibilityGlobals) = postSolution
		SolutionGuid = {52C2BE60-158F-4123-855D-378E1D8B4AFA}
	EndGlobalSection
EndGlobal
